// !$*UTF8*$!
{
	archiveVersion = 1;
	classes = {
	};
	objectVersion = 46;
	objects = {

/* Begin PBXBuildFile section */
		0E2294E2E3C19EEC2C2666EA /* Pods_ChatUITests.framework in Frameworks */ = {isa = PBXBuildFile; fileRef = 491A42E3BB53BA87BFEF41F6 /* Pods_ChatUITests.framework */; };
		1CC85CB65D6F3FCCF2E7D18F /* Pods_ChatTests.framework in Frameworks */ = {isa = PBXBuildFile; fileRef = E6F6EC9CA36D3A5D794B6057 /* Pods_ChatTests.framework */; };
		32D8BA571EA978040082327B /* AppDelegate.swift in Sources */ = {isa = PBXBuildFile; fileRef = 32D8BA561EA978040082327B /* AppDelegate.swift */; };
		32D8BA591EA978040082327B /* LogInViewController.swift in Sources */ = {isa = PBXBuildFile; fileRef = 32D8BA581EA978040082327B /* LogInViewController.swift */; };
		32D8BA5C1EA978040082327B /* Main.storyboard in Resources */ = {isa = PBXBuildFile; fileRef = 32D8BA5A1EA978040082327B /* Main.storyboard */; };
		32D8BA5E1EA978040082327B /* Assets.xcassets in Resources */ = {isa = PBXBuildFile; fileRef = 32D8BA5D1EA978040082327B /* Assets.xcassets */; };
		32D8BA611EA978040082327B /* LaunchScreen.storyboard in Resources */ = {isa = PBXBuildFile; fileRef = 32D8BA5F1EA978040082327B /* LaunchScreen.storyboard */; };
		32D8BA6C1EA978050082327B /* ChatTests.swift in Sources */ = {isa = PBXBuildFile; fileRef = 32D8BA6B1EA978050082327B /* ChatTests.swift */; };
		32D8BA771EA978050082327B /* ChatUITests.swift in Sources */ = {isa = PBXBuildFile; fileRef = 32D8BA761EA978050082327B /* ChatUITests.swift */; };
		32D8BA851EA97CEF0082327B /* GoogleService-Info.plist in Resources */ = {isa = PBXBuildFile; fileRef = 32D8BA841EA97CEF0082327B /* GoogleService-Info.plist */; };
		32D8BA871EA9862E0082327B /* ContactsTableViewController.swift in Sources */ = {isa = PBXBuildFile; fileRef = 32D8BA861EA9862E0082327B /* ContactsTableViewController.swift */; };
		32D8BA891EA9A04D0082327B /* SignUpViewController.swift in Sources */ = {isa = PBXBuildFile; fileRef = 32D8BA881EA9A04D0082327B /* SignUpViewController.swift */; };
		32D8BA8C1EA9AEE30082327B /* FirebaseAuthorizations.swift in Sources */ = {isa = PBXBuildFile; fileRef = 32D8BA8B1EA9AEE30082327B /* FirebaseAuthorizations.swift */; };
		32D8BA8E1EA9B58D0082327B /* FirebaseErrorMessages.swift in Sources */ = {isa = PBXBuildFile; fileRef = 32D8BA8D1EA9B58D0082327B /* FirebaseErrorMessages.swift */; };
		32D8BA901EA9BB5B0082327B /* Alerts+.swift in Sources */ = {isa = PBXBuildFile; fileRef = 32D8BA8F1EA9BB5B0082327B /* Alerts+.swift */; };
		32D8BA931EA9D8E60082327B /* FirebaseDatabase.swift in Sources */ = {isa = PBXBuildFile; fileRef = 32D8BA921EA9D8E60082327B /* FirebaseDatabase.swift */; };
		32D8BA961EA9E27E0082327B /* FirebaseDataModel.swift in Sources */ = {isa = PBXBuildFile; fileRef = 32D8BA951EA9E27E0082327B /* FirebaseDataModel.swift */; };
		32D8BA981EA9E8E90082327B /* FirebaseStorageModel.swift in Sources */ = {isa = PBXBuildFile; fileRef = 32D8BA971EA9E8E90082327B /* FirebaseStorageModel.swift */; };
		32D8BA9A1EA9F9C10082327B /* Segues+.swift in Sources */ = {isa = PBXBuildFile; fileRef = 32D8BA991EA9F9C10082327B /* Segues+.swift */; };
		32D8BA9C1EA9FC7D0082327B /* FirebaseAuthorizations+.swift in Sources */ = {isa = PBXBuildFile; fileRef = 32D8BA9B1EA9FC7D0082327B /* FirebaseAuthorizations+.swift */; };
		32D8BA9E1EA9FF350082327B /* FirebaseContactsModel.swift in Sources */ = {isa = PBXBuildFile; fileRef = 32D8BA9D1EA9FF350082327B /* FirebaseContactsModel.swift */; };
		32D8BAA01EAA14BD0082327B /* ContactsTableViewCell.swift in Sources */ = {isa = PBXBuildFile; fileRef = 32D8BA9F1EAA14BD0082327B /* ContactsTableViewCell.swift */; };
		32D8BAA21EAA1B630082327B /* ChatViewController.swift in Sources */ = {isa = PBXBuildFile; fileRef = 32D8BAA11EAA1B630082327B /* ChatViewController.swift */; };
		7133ADC7BCE1FBEFC8EDEC94 /* Pods_Chat.framework in Frameworks */ = {isa = PBXBuildFile; fileRef = 57E3F9CD576CC8ADB5F05D12 /* Pods_Chat.framework */; };
/* End PBXBuildFile section */

/* Begin PBXContainerItemProxy section */
		32D8BA681EA978050082327B /* PBXContainerItemProxy */ = {
			isa = PBXContainerItemProxy;
			containerPortal = 32D8BA4B1EA978040082327B /* Project object */;
			proxyType = 1;
			remoteGlobalIDString = 32D8BA521EA978040082327B;
			remoteInfo = Chat;
		};
		32D8BA731EA978050082327B /* PBXContainerItemProxy */ = {
			isa = PBXContainerItemProxy;
			containerPortal = 32D8BA4B1EA978040082327B /* Project object */;
			proxyType = 1;
			remoteGlobalIDString = 32D8BA521EA978040082327B;
			remoteInfo = Chat;
		};
/* End PBXContainerItemProxy section */

/* Begin PBXFileReference section */
		02743F30997B5B5CB9F804CC /* Pods-ChatTests.release.xcconfig */ = {isa = PBXFileReference; includeInIndex = 1; lastKnownFileType = text.xcconfig; name = "Pods-ChatTests.release.xcconfig"; path = "Pods/Target Support Files/Pods-ChatTests/Pods-ChatTests.release.xcconfig"; sourceTree = "<group>"; };
		32D8BA531EA978040082327B /* Chat.app */ = {isa = PBXFileReference; explicitFileType = wrapper.application; includeInIndex = 0; path = Chat.app; sourceTree = BUILT_PRODUCTS_DIR; };
		32D8BA561EA978040082327B /* AppDelegate.swift */ = {isa = PBXFileReference; lastKnownFileType = sourcecode.swift; path = AppDelegate.swift; sourceTree = "<group>"; };
		32D8BA581EA978040082327B /* LogInViewController.swift */ = {isa = PBXFileReference; lastKnownFileType = sourcecode.swift; path = LogInViewController.swift; sourceTree = "<group>"; };
		32D8BA5B1EA978040082327B /* Base */ = {isa = PBXFileReference; lastKnownFileType = file.storyboard; name = Base; path = Base.lproj/Main.storyboard; sourceTree = "<group>"; };
		32D8BA5D1EA978040082327B /* Assets.xcassets */ = {isa = PBXFileReference; lastKnownFileType = folder.assetcatalog; path = Assets.xcassets; sourceTree = "<group>"; };
		32D8BA601EA978040082327B /* Base */ = {isa = PBXFileReference; lastKnownFileType = file.storyboard; name = Base; path = Base.lproj/LaunchScreen.storyboard; sourceTree = "<group>"; };
		32D8BA621EA978040082327B /* Info.plist */ = {isa = PBXFileReference; lastKnownFileType = text.plist.xml; path = Info.plist; sourceTree = "<group>"; };
		32D8BA671EA978050082327B /* ChatTests.xctest */ = {isa = PBXFileReference; explicitFileType = wrapper.cfbundle; includeInIndex = 0; path = ChatTests.xctest; sourceTree = BUILT_PRODUCTS_DIR; };
		32D8BA6B1EA978050082327B /* ChatTests.swift */ = {isa = PBXFileReference; lastKnownFileType = sourcecode.swift; path = ChatTests.swift; sourceTree = "<group>"; };
		32D8BA6D1EA978050082327B /* Info.plist */ = {isa = PBXFileReference; lastKnownFileType = text.plist.xml; path = Info.plist; sourceTree = "<group>"; };
		32D8BA721EA978050082327B /* ChatUITests.xctest */ = {isa = PBXFileReference; explicitFileType = wrapper.cfbundle; includeInIndex = 0; path = ChatUITests.xctest; sourceTree = BUILT_PRODUCTS_DIR; };
		32D8BA761EA978050082327B /* ChatUITests.swift */ = {isa = PBXFileReference; lastKnownFileType = sourcecode.swift; path = ChatUITests.swift; sourceTree = "<group>"; };
		32D8BA781EA978050082327B /* Info.plist */ = {isa = PBXFileReference; lastKnownFileType = text.plist.xml; path = Info.plist; sourceTree = "<group>"; };
		32D8BA841EA97CEF0082327B /* GoogleService-Info.plist */ = {isa = PBXFileReference; fileEncoding = 4; lastKnownFileType = text.plist.xml; path = "GoogleService-Info.plist"; sourceTree = "<group>"; };
		32D8BA861EA9862E0082327B /* ContactsTableViewController.swift */ = {isa = PBXFileReference; fileEncoding = 4; lastKnownFileType = sourcecode.swift; path = ContactsTableViewController.swift; sourceTree = "<group>"; };
		32D8BA881EA9A04D0082327B /* SignUpViewController.swift */ = {isa = PBXFileReference; fileEncoding = 4; lastKnownFileType = sourcecode.swift; path = SignUpViewController.swift; sourceTree = "<group>"; };
		32D8BA8B1EA9AEE30082327B /* FirebaseAuthorizations.swift */ = {isa = PBXFileReference; fileEncoding = 4; lastKnownFileType = sourcecode.swift; path = FirebaseAuthorizations.swift; sourceTree = "<group>"; };
		32D8BA8D1EA9B58D0082327B /* FirebaseErrorMessages.swift */ = {isa = PBXFileReference; fileEncoding = 4; lastKnownFileType = sourcecode.swift; path = FirebaseErrorMessages.swift; sourceTree = "<group>"; };
		32D8BA8F1EA9BB5B0082327B /* Alerts+.swift */ = {isa = PBXFileReference; fileEncoding = 4; lastKnownFileType = sourcecode.swift; path = "Alerts+.swift"; sourceTree = "<group>"; };
		32D8BA921EA9D8E60082327B /* FirebaseDatabase.swift */ = {isa = PBXFileReference; fileEncoding = 4; lastKnownFileType = sourcecode.swift; path = FirebaseDatabase.swift; sourceTree = "<group>"; };
		32D8BA951EA9E27E0082327B /* FirebaseDataModel.swift */ = {isa = PBXFileReference; fileEncoding = 4; lastKnownFileType = sourcecode.swift; path = FirebaseDataModel.swift; sourceTree = "<group>"; };
		32D8BA971EA9E8E90082327B /* FirebaseStorageModel.swift */ = {isa = PBXFileReference; fileEncoding = 4; lastKnownFileType = sourcecode.swift; path = FirebaseStorageModel.swift; sourceTree = "<group>"; };
		32D8BA991EA9F9C10082327B /* Segues+.swift */ = {isa = PBXFileReference; fileEncoding = 4; lastKnownFileType = sourcecode.swift; path = "Segues+.swift"; sourceTree = "<group>"; };
		32D8BA9B1EA9FC7D0082327B /* FirebaseAuthorizations+.swift */ = {isa = PBXFileReference; fileEncoding = 4; lastKnownFileType = sourcecode.swift; path = "FirebaseAuthorizations+.swift"; sourceTree = "<group>"; };
		32D8BA9D1EA9FF350082327B /* FirebaseContactsModel.swift */ = {isa = PBXFileReference; fileEncoding = 4; lastKnownFileType = sourcecode.swift; path = FirebaseContactsModel.swift; sourceTree = "<group>"; };
		32D8BA9F1EAA14BD0082327B /* ContactsTableViewCell.swift */ = {isa = PBXFileReference; fileEncoding = 4; lastKnownFileType = sourcecode.swift; path = ContactsTableViewCell.swift; sourceTree = "<group>"; };
		32D8BAA11EAA1B630082327B /* ChatViewController.swift */ = {isa = PBXFileReference; fileEncoding = 4; lastKnownFileType = sourcecode.swift; path = ChatViewController.swift; sourceTree = "<group>"; };
		491A42E3BB53BA87BFEF41F6 /* Pods_ChatUITests.framework */ = {isa = PBXFileReference; explicitFileType = wrapper.framework; includeInIndex = 0; path = Pods_ChatUITests.framework; sourceTree = BUILT_PRODUCTS_DIR; };
		4D628E9738823597979838E7 /* Pods-ChatUITests.release.xcconfig */ = {isa = PBXFileReference; includeInIndex = 1; lastKnownFileType = text.xcconfig; name = "Pods-ChatUITests.release.xcconfig"; path = "Pods/Target Support Files/Pods-ChatUITests/Pods-ChatUITests.release.xcconfig"; sourceTree = "<group>"; };
		57E3F9CD576CC8ADB5F05D12 /* Pods_Chat.framework */ = {isa = PBXFileReference; explicitFileType = wrapper.framework; includeInIndex = 0; path = Pods_Chat.framework; sourceTree = BUILT_PRODUCTS_DIR; };
		6C73EA661C741BE04A6613E7 /* Pods-Chat.release.xcconfig */ = {isa = PBXFileReference; includeInIndex = 1; lastKnownFileType = text.xcconfig; name = "Pods-Chat.release.xcconfig"; path = "Pods/Target Support Files/Pods-Chat/Pods-Chat.release.xcconfig"; sourceTree = "<group>"; };
		9C713957CB73A1332F7C2F07 /* Pods-Chat.debug.xcconfig */ = {isa = PBXFileReference; includeInIndex = 1; lastKnownFileType = text.xcconfig; name = "Pods-Chat.debug.xcconfig"; path = "Pods/Target Support Files/Pods-Chat/Pods-Chat.debug.xcconfig"; sourceTree = "<group>"; };
		AA2C7ABED953423B863A1878 /* Pods-ChatUITests.debug.xcconfig */ = {isa = PBXFileReference; includeInIndex = 1; lastKnownFileType = text.xcconfig; name = "Pods-ChatUITests.debug.xcconfig"; path = "Pods/Target Support Files/Pods-ChatUITests/Pods-ChatUITests.debug.xcconfig"; sourceTree = "<group>"; };
		C5250A8069D37B134F84853C /* Pods-ChatTests.debug.xcconfig */ = {isa = PBXFileReference; includeInIndex = 1; lastKnownFileType = text.xcconfig; name = "Pods-ChatTests.debug.xcconfig"; path = "Pods/Target Support Files/Pods-ChatTests/Pods-ChatTests.debug.xcconfig"; sourceTree = "<group>"; };
		E6F6EC9CA36D3A5D794B6057 /* Pods_ChatTests.framework */ = {isa = PBXFileReference; explicitFileType = wrapper.framework; includeInIndex = 0; path = Pods_ChatTests.framework; sourceTree = BUILT_PRODUCTS_DIR; };
/* End PBXFileReference section */

/* Begin PBXFrameworksBuildPhase section */
		32D8BA501EA978040082327B /* Frameworks */ = {
			isa = PBXFrameworksBuildPhase;
			buildActionMask = 2147483647;
			files = (
				7133ADC7BCE1FBEFC8EDEC94 /* Pods_Chat.framework in Frameworks */,
			);
			runOnlyForDeploymentPostprocessing = 0;
		};
		32D8BA641EA978050082327B /* Frameworks */ = {
			isa = PBXFrameworksBuildPhase;
			buildActionMask = 2147483647;
			files = (
				1CC85CB65D6F3FCCF2E7D18F /* Pods_ChatTests.framework in Frameworks */,
			);
			runOnlyForDeploymentPostprocessing = 0;
		};
		32D8BA6F1EA978050082327B /* Frameworks */ = {
			isa = PBXFrameworksBuildPhase;
			buildActionMask = 2147483647;
			files = (
				0E2294E2E3C19EEC2C2666EA /* Pods_ChatUITests.framework in Frameworks */,
			);
			runOnlyForDeploymentPostprocessing = 0;
		};
/* End PBXFrameworksBuildPhase section */

/* Begin PBXGroup section */
		32D8BA4A1EA978040082327B = {
			isa = PBXGroup;
			children = (
				32D8BA551EA978040082327B /* Chat */,
				32D8BA6A1EA978050082327B /* ChatTests */,
				32D8BA751EA978050082327B /* ChatUITests */,
				32D8BA541EA978040082327B /* Products */,
				8C7C29BC276DA431AA02DAC9 /* Pods */,
				D657C2DC19E0E93D8098BBA2 /* Frameworks */,
			);
			sourceTree = "<group>";
		};
		32D8BA541EA978040082327B /* Products */ = {
			isa = PBXGroup;
			children = (
				32D8BA531EA978040082327B /* Chat.app */,
				32D8BA671EA978050082327B /* ChatTests.xctest */,
				32D8BA721EA978050082327B /* ChatUITests.xctest */,
			);
			name = Products;
			sourceTree = "<group>";
		};
		32D8BA551EA978040082327B /* Chat */ = {
			isa = PBXGroup;
			children = (
				32D8BA941EA9E1D40082327B /* Models */,
				32D8BA911EA9CAC80082327B /* Extensions */,
				32D8BA8A1EA9AEC70082327B /* FirebaseDatabase */,
				32D8BA561EA978040082327B /* AppDelegate.swift */,
				32D8BA581EA978040082327B /* LogInViewController.swift */,
				32D8BA881EA9A04D0082327B /* SignUpViewController.swift */,
				32D8BA861EA9862E0082327B /* ContactsTableViewController.swift */,
				32D8BAA11EAA1B630082327B /* ChatViewController.swift */,
				32D8BA9F1EAA14BD0082327B /* ContactsTableViewCell.swift */,
				32D8BA5A1EA978040082327B /* Main.storyboard */,
				32D8BA5D1EA978040082327B /* Assets.xcassets */,
				32D8BA5F1EA978040082327B /* LaunchScreen.storyboard */,
				32D8BA621EA978040082327B /* Info.plist */,
				32D8BA841EA97CEF0082327B /* GoogleService-Info.plist */,
			);
			path = Chat;
			sourceTree = "<group>";
		};
		32D8BA6A1EA978050082327B /* ChatTests */ = {
			isa = PBXGroup;
			children = (
				32D8BA6B1EA978050082327B /* ChatTests.swift */,
				32D8BA6D1EA978050082327B /* Info.plist */,
			);
			path = ChatTests;
			sourceTree = "<group>";
		};
		32D8BA751EA978050082327B /* ChatUITests */ = {
			isa = PBXGroup;
			children = (
				32D8BA761EA978050082327B /* ChatUITests.swift */,
				32D8BA781EA978050082327B /* Info.plist */,
			);
			path = ChatUITests;
			sourceTree = "<group>";
		};
		32D8BA8A1EA9AEC70082327B /* FirebaseDatabase */ = {
			isa = PBXGroup;
			children = (
				32D8BA8B1EA9AEE30082327B /* FirebaseAuthorizations.swift */,
				32D8BA921EA9D8E60082327B /* FirebaseDatabase.swift */,
				32D8BA8D1EA9B58D0082327B /* FirebaseErrorMessages.swift */,
			);
			name = FirebaseDatabase;
			sourceTree = "<group>";
		};
		32D8BA911EA9CAC80082327B /* Extensions */ = {
			isa = PBXGroup;
			children = (
				32D8BA8F1EA9BB5B0082327B /* Alerts+.swift */,
				32D8BA991EA9F9C10082327B /* Segues+.swift */,
				32D8BA9B1EA9FC7D0082327B /* FirebaseAuthorizations+.swift */,
			);
			name = Extensions;
			sourceTree = "<group>";
		};
		32D8BA941EA9E1D40082327B /* Models */ = {
			isa = PBXGroup;
			children = (
				32D8BA951EA9E27E0082327B /* FirebaseDataModel.swift */,
				32D8BA971EA9E8E90082327B /* FirebaseStorageModel.swift */,
				32D8BA9D1EA9FF350082327B /* FirebaseContactsModel.swift */,
			);
			name = Models;
			sourceTree = "<group>";
		};
		8C7C29BC276DA431AA02DAC9 /* Pods */ = {
			isa = PBXGroup;
			children = (
				9C713957CB73A1332F7C2F07 /* Pods-Chat.debug.xcconfig */,
				6C73EA661C741BE04A6613E7 /* Pods-Chat.release.xcconfig */,
				C5250A8069D37B134F84853C /* Pods-ChatTests.debug.xcconfig */,
				02743F30997B5B5CB9F804CC /* Pods-ChatTests.release.xcconfig */,
				AA2C7ABED953423B863A1878 /* Pods-ChatUITests.debug.xcconfig */,
				4D628E9738823597979838E7 /* Pods-ChatUITests.release.xcconfig */,
			);
			name = Pods;
			sourceTree = "<group>";
		};
		D657C2DC19E0E93D8098BBA2 /* Frameworks */ = {
			isa = PBXGroup;
			children = (
				57E3F9CD576CC8ADB5F05D12 /* Pods_Chat.framework */,
				E6F6EC9CA36D3A5D794B6057 /* Pods_ChatTests.framework */,
				491A42E3BB53BA87BFEF41F6 /* Pods_ChatUITests.framework */,
			);
			name = Frameworks;
			sourceTree = "<group>";
		};
/* End PBXGroup section */

/* Begin PBXNativeTarget section */
		32D8BA521EA978040082327B /* Chat */ = {
			isa = PBXNativeTarget;
			buildConfigurationList = 32D8BA7B1EA978050082327B /* Build configuration list for PBXNativeTarget "Chat" */;
			buildPhases = (
				31F2DFF93331EA37B3CFFA95 /* [CP] Check Pods Manifest.lock */,
				32D8BA4F1EA978040082327B /* Sources */,
				32D8BA501EA978040082327B /* Frameworks */,
				32D8BA511EA978040082327B /* Resources */,
				FB9BECA06544D1BA0BF59AF0 /* [CP] Embed Pods Frameworks */,
				2434BBE857052D09CE00F1FC /* [CP] Copy Pods Resources */,
			);
			buildRules = (
			);
			dependencies = (
			);
			name = Chat;
			productName = Chat;
			productReference = 32D8BA531EA978040082327B /* Chat.app */;
			productType = "com.apple.product-type.application";
		};
		32D8BA661EA978050082327B /* ChatTests */ = {
			isa = PBXNativeTarget;
			buildConfigurationList = 32D8BA7E1EA978050082327B /* Build configuration list for PBXNativeTarget "ChatTests" */;
			buildPhases = (
				76A85F66BEB89BDC126907E1 /* [CP] Check Pods Manifest.lock */,
				32D8BA631EA978050082327B /* Sources */,
				32D8BA641EA978050082327B /* Frameworks */,
				32D8BA651EA978050082327B /* Resources */,
				211B516A21E5BBE1EF9B7FFE /* [CP] Embed Pods Frameworks */,
				1FCA1284D16F8C693E1C4587 /* [CP] Copy Pods Resources */,
			);
			buildRules = (
			);
			dependencies = (
				32D8BA691EA978050082327B /* PBXTargetDependency */,
			);
			name = ChatTests;
			productName = ChatTests;
			productReference = 32D8BA671EA978050082327B /* ChatTests.xctest */;
			productType = "com.apple.product-type.bundle.unit-test";
		};
		32D8BA711EA978050082327B /* ChatUITests */ = {
			isa = PBXNativeTarget;
			buildConfigurationList = 32D8BA811EA978050082327B /* Build configuration list for PBXNativeTarget "ChatUITests" */;
			buildPhases = (
				E8D1B98AE291977A42AC493A /* [CP] Check Pods Manifest.lock */,
				32D8BA6E1EA978050082327B /* Sources */,
				32D8BA6F1EA978050082327B /* Frameworks */,
				32D8BA701EA978050082327B /* Resources */,
				974C56C8C5BDF92E1734C6A5 /* [CP] Embed Pods Frameworks */,
				94DB691F5C0516C42D5184A7 /* [CP] Copy Pods Resources */,
			);
			buildRules = (
			);
			dependencies = (
				32D8BA741EA978050082327B /* PBXTargetDependency */,
			);
			name = ChatUITests;
			productName = ChatUITests;
			productReference = 32D8BA721EA978050082327B /* ChatUITests.xctest */;
			productType = "com.apple.product-type.bundle.ui-testing";
		};
/* End PBXNativeTarget section */

/* Begin PBXProject section */
		32D8BA4B1EA978040082327B /* Project object */ = {
			isa = PBXProject;
			attributes = {
				LastSwiftUpdateCheck = 0830;
				LastUpgradeCheck = 0830;
				ORGANIZATIONNAME = Cordero;
				TargetAttributes = {
					32D8BA521EA978040082327B = {
						CreatedOnToolsVersion = 8.3.1;
						DevelopmentTeam = 5E82HJH2N5;
						ProvisioningStyle = Automatic;
					};
					32D8BA661EA978050082327B = {
						CreatedOnToolsVersion = 8.3.1;
						DevelopmentTeam = 268HJM5ELZ;
						ProvisioningStyle = Automatic;
						TestTargetID = 32D8BA521EA978040082327B;
					};
					32D8BA711EA978050082327B = {
						CreatedOnToolsVersion = 8.3.1;
						DevelopmentTeam = 268HJM5ELZ;
						ProvisioningStyle = Automatic;
						TestTargetID = 32D8BA521EA978040082327B;
					};
				};
			};
			buildConfigurationList = 32D8BA4E1EA978040082327B /* Build configuration list for PBXProject "Chat" */;
			compatibilityVersion = "Xcode 3.2";
			developmentRegion = English;
			hasScannedForEncodings = 0;
			knownRegions = (
				en,
				Base,
			);
			mainGroup = 32D8BA4A1EA978040082327B;
			productRefGroup = 32D8BA541EA978040082327B /* Products */;
			projectDirPath = "";
			projectRoot = "";
			targets = (
				32D8BA521EA978040082327B /* Chat */,
				32D8BA661EA978050082327B /* ChatTests */,
				32D8BA711EA978050082327B /* ChatUITests */,
			);
		};
/* End PBXProject section */

/* Begin PBXResourcesBuildPhase section */
		32D8BA511EA978040082327B /* Resources */ = {
			isa = PBXResourcesBuildPhase;
			buildActionMask = 2147483647;
			files = (
				32D8BA611EA978040082327B /* LaunchScreen.storyboard in Resources */,
				32D8BA851EA97CEF0082327B /* GoogleService-Info.plist in Resources */,
				32D8BA5E1EA978040082327B /* Assets.xcassets in Resources */,
				32D8BA5C1EA978040082327B /* Main.storyboard in Resources */,
			);
			runOnlyForDeploymentPostprocessing = 0;
		};
		32D8BA651EA978050082327B /* Resources */ = {
			isa = PBXResourcesBuildPhase;
			buildActionMask = 2147483647;
			files = (
			);
			runOnlyForDeploymentPostprocessing = 0;
		};
		32D8BA701EA978050082327B /* Resources */ = {
			isa = PBXResourcesBuildPhase;
			buildActionMask = 2147483647;
			files = (
			);
			runOnlyForDeploymentPostprocessing = 0;
		};
/* End PBXResourcesBuildPhase section */

/* Begin PBXShellScriptBuildPhase section */
		1FCA1284D16F8C693E1C4587 /* [CP] Copy Pods Resources */ = {
			isa = PBXShellScriptBuildPhase;
			buildActionMask = 2147483647;
			files = (
			);
			inputPaths = (
			);
			name = "[CP] Copy Pods Resources";
			outputPaths = (
			);
			runOnlyForDeploymentPostprocessing = 0;
			shellPath = /bin/sh;
			shellScript = "\"${SRCROOT}/Pods/Target Support Files/Pods-ChatTests/Pods-ChatTests-resources.sh\"\n";
			showEnvVarsInLog = 0;
		};
		211B516A21E5BBE1EF9B7FFE /* [CP] Embed Pods Frameworks */ = {
			isa = PBXShellScriptBuildPhase;
			buildActionMask = 2147483647;
			files = (
			);
			inputPaths = (
			);
			name = "[CP] Embed Pods Frameworks";
			outputPaths = (
			);
			runOnlyForDeploymentPostprocessing = 0;
			shellPath = /bin/sh;
			shellScript = "\"${SRCROOT}/Pods/Target Support Files/Pods-ChatTests/Pods-ChatTests-frameworks.sh\"\n";
			showEnvVarsInLog = 0;
		};
		2434BBE857052D09CE00F1FC /* [CP] Copy Pods Resources */ = {
			isa = PBXShellScriptBuildPhase;
			buildActionMask = 2147483647;
			files = (
			);
			inputPaths = (
			);
			name = "[CP] Copy Pods Resources";
			outputPaths = (
			);
			runOnlyForDeploymentPostprocessing = 0;
			shellPath = /bin/sh;
			shellScript = "\"${SRCROOT}/Pods/Target Support Files/Pods-Chat/Pods-Chat-resources.sh\"\n";
			showEnvVarsInLog = 0;
		};
		31F2DFF93331EA37B3CFFA95 /* [CP] Check Pods Manifest.lock */ = {
			isa = PBXShellScriptBuildPhase;
			buildActionMask = 2147483647;
			files = (
			);
			inputPaths = (
			);
			name = "[CP] Check Pods Manifest.lock";
			outputPaths = (
			);
			runOnlyForDeploymentPostprocessing = 0;
			shellPath = /bin/sh;
			shellScript = "diff \"${PODS_ROOT}/../Podfile.lock\" \"${PODS_ROOT}/Manifest.lock\" > /dev/null\nif [ $? != 0 ] ; then\n    # print error to STDERR\n    echo \"error: The sandbox is not in sync with the Podfile.lock. Run 'pod install' or update your CocoaPods installation.\" >&2\n    exit 1\nfi\n";
			showEnvVarsInLog = 0;
		};
		76A85F66BEB89BDC126907E1 /* [CP] Check Pods Manifest.lock */ = {
			isa = PBXShellScriptBuildPhase;
			buildActionMask = 2147483647;
			files = (
			);
			inputPaths = (
			);
			name = "[CP] Check Pods Manifest.lock";
			outputPaths = (
			);
			runOnlyForDeploymentPostprocessing = 0;
			shellPath = /bin/sh;
			shellScript = "diff \"${PODS_ROOT}/../Podfile.lock\" \"${PODS_ROOT}/Manifest.lock\" > /dev/null\nif [ $? != 0 ] ; then\n    # print error to STDERR\n    echo \"error: The sandbox is not in sync with the Podfile.lock. Run 'pod install' or update your CocoaPods installation.\" >&2\n    exit 1\nfi\n";
			showEnvVarsInLog = 0;
		};
		94DB691F5C0516C42D5184A7 /* [CP] Copy Pods Resources */ = {
			isa = PBXShellScriptBuildPhase;
			buildActionMask = 2147483647;
			files = (
			);
			inputPaths = (
			);
			name = "[CP] Copy Pods Resources";
			outputPaths = (
			);
			runOnlyForDeploymentPostprocessing = 0;
			shellPath = /bin/sh;
			shellScript = "\"${SRCROOT}/Pods/Target Support Files/Pods-ChatUITests/Pods-ChatUITests-resources.sh\"\n";
			showEnvVarsInLog = 0;
		};
		974C56C8C5BDF92E1734C6A5 /* [CP] Embed Pods Frameworks */ = {
			isa = PBXShellScriptBuildPhase;
			buildActionMask = 2147483647;
			files = (
			);
			inputPaths = (
			);
			name = "[CP] Embed Pods Frameworks";
			outputPaths = (
			);
			runOnlyForDeploymentPostprocessing = 0;
			shellPath = /bin/sh;
			shellScript = "\"${SRCROOT}/Pods/Target Support Files/Pods-ChatUITests/Pods-ChatUITests-frameworks.sh\"\n";
			showEnvVarsInLog = 0;
		};
		E8D1B98AE291977A42AC493A /* [CP] Check Pods Manifest.lock */ = {
			isa = PBXShellScriptBuildPhase;
			buildActionMask = 2147483647;
			files = (
			);
			inputPaths = (
			);
			name = "[CP] Check Pods Manifest.lock";
			outputPaths = (
			);
			runOnlyForDeploymentPostprocessing = 0;
			shellPath = /bin/sh;
			shellScript = "diff \"${PODS_ROOT}/../Podfile.lock\" \"${PODS_ROOT}/Manifest.lock\" > /dev/null\nif [ $? != 0 ] ; then\n    # print error to STDERR\n    echo \"error: The sandbox is not in sync with the Podfile.lock. Run 'pod install' or update your CocoaPods installation.\" >&2\n    exit 1\nfi\n";
			showEnvVarsInLog = 0;
		};
		FB9BECA06544D1BA0BF59AF0 /* [CP] Embed Pods Frameworks */ = {
			isa = PBXShellScriptBuildPhase;
			buildActionMask = 2147483647;
			files = (
			);
			inputPaths = (
			);
			name = "[CP] Embed Pods Frameworks";
			outputPaths = (
			);
			runOnlyForDeploymentPostprocessing = 0;
			shellPath = /bin/sh;
			shellScript = "\"${SRCROOT}/Pods/Target Support Files/Pods-Chat/Pods-Chat-frameworks.sh\"\n";
			showEnvVarsInLog = 0;
		};
/* End PBXShellScriptBuildPhase section */

/* Begin PBXSourcesBuildPhase section */
		32D8BA4F1EA978040082327B /* Sources */ = {
			isa = PBXSourcesBuildPhase;
			buildActionMask = 2147483647;
			files = (
				32D8BAA01EAA14BD0082327B /* ContactsTableViewCell.swift in Sources */,
				32D8BA9C1EA9FC7D0082327B /* FirebaseAuthorizations+.swift in Sources */,
				32D8BA591EA978040082327B /* LogInViewController.swift in Sources */,
				32D8BA8E1EA9B58D0082327B /* FirebaseErrorMessages.swift in Sources */,
				32D8BA9E1EA9FF350082327B /* FirebaseContactsModel.swift in Sources */,
				32D8BA9A1EA9F9C10082327B /* Segues+.swift in Sources */,
				32D8BA961EA9E27E0082327B /* FirebaseDataModel.swift in Sources */,
				32D8BA871EA9862E0082327B /* ContactsTableViewController.swift in Sources */,
				32D8BA8C1EA9AEE30082327B /* FirebaseAuthorizations.swift in Sources */,
				32D8BA891EA9A04D0082327B /* SignUpViewController.swift in Sources */,
				32D8BA981EA9E8E90082327B /* FirebaseStorageModel.swift in Sources */,
				32D8BA901EA9BB5B0082327B /* Alerts+.swift in Sources */,
				32D8BA571EA978040082327B /* AppDelegate.swift in Sources */,
				32D8BAA21EAA1B630082327B /* ChatViewController.swift in Sources */,
				32D8BA931EA9D8E60082327B /* FirebaseDatabase.swift in Sources */,
			);
			runOnlyForDeploymentPostprocessing = 0;
		};
		32D8BA631EA978050082327B /* Sources */ = {
			isa = PBXSourcesBuildPhase;
			buildActionMask = 2147483647;
			files = (
				32D8BA6C1EA978050082327B /* ChatTests.swift in Sources */,
			);
			runOnlyForDeploymentPostprocessing = 0;
		};
		32D8BA6E1EA978050082327B /* Sources */ = {
			isa = PBXSourcesBuildPhase;
			buildActionMask = 2147483647;
			files = (
				32D8BA771EA978050082327B /* ChatUITests.swift in Sources */,
			);
			runOnlyForDeploymentPostprocessing = 0;
		};
/* End PBXSourcesBuildPhase section */

/* Begin PBXTargetDependency section */
		32D8BA691EA978050082327B /* PBXTargetDependency */ = {
			isa = PBXTargetDependency;
			target = 32D8BA521EA978040082327B /* Chat */;
			targetProxy = 32D8BA681EA978050082327B /* PBXContainerItemProxy */;
		};
		32D8BA741EA978050082327B /* PBXTargetDependency */ = {
			isa = PBXTargetDependency;
			target = 32D8BA521EA978040082327B /* Chat */;
			targetProxy = 32D8BA731EA978050082327B /* PBXContainerItemProxy */;
		};
/* End PBXTargetDependency section */

/* Begin PBXVariantGroup section */
		32D8BA5A1EA978040082327B /* Main.storyboard */ = {
			isa = PBXVariantGroup;
			children = (
				32D8BA5B1EA978040082327B /* Base */,
			);
			name = Main.storyboard;
			sourceTree = "<group>";
		};
		32D8BA5F1EA978040082327B /* LaunchScreen.storyboard */ = {
			isa = PBXVariantGroup;
			children = (
				32D8BA601EA978040082327B /* Base */,
			);
			name = LaunchScreen.storyboard;
			sourceTree = "<group>";
		};
/* End PBXVariantGroup section */

/* Begin XCBuildConfiguration section */
		32D8BA791EA978050082327B /* Debug */ = {
			isa = XCBuildConfiguration;
			buildSettings = {
				ALWAYS_SEARCH_USER_PATHS = NO;
				CLANG_ANALYZER_NONNULL = YES;
				CLANG_ANALYZER_NUMBER_OBJECT_CONVERSION = YES_AGGRESSIVE;
				CLANG_CXX_LANGUAGE_STANDARD = "gnu++0x";
				CLANG_CXX_LIBRARY = "libc++";
				CLANG_ENABLE_MODULES = YES;
				CLANG_ENABLE_OBJC_ARC = YES;
				CLANG_WARN_BOOL_CONVERSION = YES;
				CLANG_WARN_CONSTANT_CONVERSION = YES;
				CLANG_WARN_DIRECT_OBJC_ISA_USAGE = YES_ERROR;
				CLANG_WARN_DOCUMENTATION_COMMENTS = YES;
				CLANG_WARN_EMPTY_BODY = YES;
				CLANG_WARN_ENUM_CONVERSION = YES;
				CLANG_WARN_INFINITE_RECURSION = YES;
				CLANG_WARN_INT_CONVERSION = YES;
				CLANG_WARN_OBJC_ROOT_CLASS = YES_ERROR;
				CLANG_WARN_SUSPICIOUS_MOVE = YES;
				CLANG_WARN_UNREACHABLE_CODE = YES;
				CLANG_WARN__DUPLICATE_METHOD_MATCH = YES;
				"CODE_SIGN_IDENTITY[sdk=iphoneos*]" = "iPhone Developer";
				COPY_PHASE_STRIP = NO;
				DEBUG_INFORMATION_FORMAT = dwarf;
				ENABLE_STRICT_OBJC_MSGSEND = YES;
				ENABLE_TESTABILITY = YES;
				GCC_C_LANGUAGE_STANDARD = gnu99;
				GCC_DYNAMIC_NO_PIC = NO;
				GCC_NO_COMMON_BLOCKS = YES;
				GCC_OPTIMIZATION_LEVEL = 0;
				GCC_PREPROCESSOR_DEFINITIONS = (
					"DEBUG=1",
					"$(inherited)",
				);
				GCC_WARN_64_TO_32_BIT_CONVERSION = YES;
				GCC_WARN_ABOUT_RETURN_TYPE = YES_ERROR;
				GCC_WARN_UNDECLARED_SELECTOR = YES;
				GCC_WARN_UNINITIALIZED_AUTOS = YES_AGGRESSIVE;
				GCC_WARN_UNUSED_FUNCTION = YES;
				GCC_WARN_UNUSED_VARIABLE = YES;
				IPHONEOS_DEPLOYMENT_TARGET = 10.3;
				MTL_ENABLE_DEBUG_INFO = YES;
				ONLY_ACTIVE_ARCH = YES;
				SDKROOT = iphoneos;
				SWIFT_ACTIVE_COMPILATION_CONDITIONS = DEBUG;
				SWIFT_OPTIMIZATION_LEVEL = "-Onone";
				TARGETED_DEVICE_FAMILY = "1,2";
			};
			name = Debug;
		};
		32D8BA7A1EA978050082327B /* Release */ = {
			isa = XCBuildConfiguration;
			buildSettings = {
				ALWAYS_SEARCH_USER_PATHS = NO;
				CLANG_ANALYZER_NONNULL = YES;
				CLANG_ANALYZER_NUMBER_OBJECT_CONVERSION = YES_AGGRESSIVE;
				CLANG_CXX_LANGUAGE_STANDARD = "gnu++0x";
				CLANG_CXX_LIBRARY = "libc++";
				CLANG_ENABLE_MODULES = YES;
				CLANG_ENABLE_OBJC_ARC = YES;
				CLANG_WARN_BOOL_CONVERSION = YES;
				CLANG_WARN_CONSTANT_CONVERSION = YES;
				CLANG_WARN_DIRECT_OBJC_ISA_USAGE = YES_ERROR;
				CLANG_WARN_DOCUMENTATION_COMMENTS = YES;
				CLANG_WARN_EMPTY_BODY = YES;
				CLANG_WARN_ENUM_CONVERSION = YES;
				CLANG_WARN_INFINITE_RECURSION = YES;
				CLANG_WARN_INT_CONVERSION = YES;
				CLANG_WARN_OBJC_ROOT_CLASS = YES_ERROR;
				CLANG_WARN_SUSPICIOUS_MOVE = YES;
				CLANG_WARN_UNREACHABLE_CODE = YES;
				CLANG_WARN__DUPLICATE_METHOD_MATCH = YES;
				"CODE_SIGN_IDENTITY[sdk=iphoneos*]" = "iPhone Developer";
				COPY_PHASE_STRIP = NO;
				DEBUG_INFORMATION_FORMAT = "dwarf-with-dsym";
				ENABLE_NS_ASSERTIONS = NO;
				ENABLE_STRICT_OBJC_MSGSEND = YES;
				GCC_C_LANGUAGE_STANDARD = gnu99;
				GCC_NO_COMMON_BLOCKS = YES;
				GCC_WARN_64_TO_32_BIT_CONVERSION = YES;
				GCC_WARN_ABOUT_RETURN_TYPE = YES_ERROR;
				GCC_WARN_UNDECLARED_SELECTOR = YES;
				GCC_WARN_UNINITIALIZED_AUTOS = YES_AGGRESSIVE;
				GCC_WARN_UNUSED_FUNCTION = YES;
				GCC_WARN_UNUSED_VARIABLE = YES;
				IPHONEOS_DEPLOYMENT_TARGET = 10.3;
				MTL_ENABLE_DEBUG_INFO = NO;
				SDKROOT = iphoneos;
				SWIFT_OPTIMIZATION_LEVEL = "-Owholemodule";
				TARGETED_DEVICE_FAMILY = "1,2";
				VALIDATE_PRODUCT = YES;
			};
			name = Release;
		};
		32D8BA7C1EA978050082327B /* Debug */ = {
			isa = XCBuildConfiguration;
			baseConfigurationReference = 9C713957CB73A1332F7C2F07 /* Pods-Chat.debug.xcconfig */;
			buildSettings = {
				ASSETCATALOG_COMPILER_APPICON_NAME = AppIcon;
				DEVELOPMENT_TEAM = 5E82HJH2N5;
				INFOPLIST_FILE = Chat/Info.plist;
				LD_RUNPATH_SEARCH_PATHS = "$(inherited) @executable_path/Frameworks";
				PRODUCT_BUNDLE_IDENTIFIER = Cordero.Chat;
				PRODUCT_NAME = "$(TARGET_NAME)";
				SWIFT_VERSION = 3.0;
			};
			name = Debug;
		};
		32D8BA7D1EA978050082327B /* Release */ = {
			isa = XCBuildConfiguration;
			baseConfigurationReference = 6C73EA661C741BE04A6613E7 /* Pods-Chat.release.xcconfig */;
			buildSettings = {
				ASSETCATALOG_COMPILER_APPICON_NAME = AppIcon;
				DEVELOPMENT_TEAM = 5E82HJH2N5;
				INFOPLIST_FILE = Chat/Info.plist;
				LD_RUNPATH_SEARCH_PATHS = "$(inherited) @executable_path/Frameworks";
				PRODUCT_BUNDLE_IDENTIFIER = Cordero.Chat;
				PRODUCT_NAME = "$(TARGET_NAME)";
				SWIFT_VERSION = 3.0;
			};
			name = Release;
		};
		32D8BA7F1EA978050082327B /* Debug */ = {
			isa = XCBuildConfiguration;
			baseConfigurationReference = C5250A8069D37B134F84853C /* Pods-ChatTests.debug.xcconfig */;
			buildSettings = {
				ALWAYS_EMBED_SWIFT_STANDARD_LIBRARIES = YES;
				BUNDLE_LOADER = "$(TEST_HOST)";
				DEVELOPMENT_TEAM = 268HJM5ELZ;
				INFOPLIST_FILE = ChatTests/Info.plist;
				LD_RUNPATH_SEARCH_PATHS = "$(inherited) @executable_path/Frameworks @loader_path/Frameworks";
				PRODUCT_BUNDLE_IDENTIFIER = Cordero.ChatTests;
				PRODUCT_NAME = "$(TARGET_NAME)";
				SWIFT_VERSION = 3.0;
				TEST_HOST = "$(BUILT_PRODUCTS_DIR)/Chat.app/Chat";
			};
			name = Debug;
		};
		32D8BA801EA978050082327B /* Release */ = {
			isa = XCBuildConfiguration;
			baseConfigurationReference = 02743F30997B5B5CB9F804CC /* Pods-ChatTests.release.xcconfig */;
			buildSettings = {
				ALWAYS_EMBED_SWIFT_STANDARD_LIBRARIES = YES;
				BUNDLE_LOADER = "$(TEST_HOST)";
				DEVELOPMENT_TEAM = 268HJM5ELZ;
				INFOPLIST_FILE = ChatTests/Info.plist;
				LD_RUNPATH_SEARCH_PATHS = "$(inherited) @executable_path/Frameworks @loader_path/Frameworks";
				PRODUCT_BUNDLE_IDENTIFIER = Cordero.ChatTests;
				PRODUCT_NAME = "$(TARGET_NAME)";
				SWIFT_VERSION = 3.0;
				TEST_HOST = "$(BUILT_PRODUCTS_DIR)/Chat.app/Chat";
			};
			name = Release;
		};
		32D8BA821EA978050082327B /* Debug */ = {
			isa = XCBuildConfiguration;
			baseConfigurationReference = AA2C7ABED953423B863A1878 /* Pods-ChatUITests.debug.xcconfig */;
			buildSettings = {
				ALWAYS_EMBED_SWIFT_STANDARD_LIBRARIES = YES;
				DEVELOPMENT_TEAM = 268HJM5ELZ;
				INFOPLIST_FILE = ChatUITests/Info.plist;
				LD_RUNPATH_SEARCH_PATHS = "$(inherited) @executable_path/Frameworks @loader_path/Frameworks";
				PRODUCT_BUNDLE_IDENTIFIER = Cordero.ChatUITests;
				PRODUCT_NAME = "$(TARGET_NAME)";
				SWIFT_VERSION = 3.0;
				TEST_TARGET_NAME = Chat;
			};
			name = Debug;
		};
		32D8BA831EA978050082327B /* Release */ = {
			isa = XCBuildConfiguration;
			baseConfigurationReference = 4D628E9738823597979838E7 /* Pods-ChatUITests.release.xcconfig */;
			buildSettings = {
				ALWAYS_EMBED_SWIFT_STANDARD_LIBRARIES = YES;
				DEVELOPMENT_TEAM = 268HJM5ELZ;
				INFOPLIST_FILE = ChatUITests/Info.plist;
				LD_RUNPATH_SEARCH_PATHS = "$(inherited) @executable_path/Frameworks @loader_path/Frameworks";
				PRODUCT_BUNDLE_IDENTIFIER = Cordero.ChatUITests;
				PRODUCT_NAME = "$(TARGET_NAME)";
				SWIFT_VERSION = 3.0;
				TEST_TARGET_NAME = Chat;
			};
			name = Release;
		};
/* End XCBuildConfiguration section */

/* Begin XCConfigurationList section */
		32D8BA4E1EA978040082327B /* Build configuration list for PBXProject "Chat" */ = {
			isa = XCConfigurationList;
			buildConfigurations = (
				32D8BA791EA978050082327B /* Debug */,
				32D8BA7A1EA978050082327B /* Release */,
			);
			defaultConfigurationIsVisible = 0;
			defaultConfigurationName = Release;
		};
		32D8BA7B1EA978050082327B /* Build configuration list for PBXNativeTarget "Chat" */ = {
			isa = XCConfigurationList;
			buildConfigurations = (
				32D8BA7C1EA978050082327B /* Debug */,
				32D8BA7D1EA978050082327B /* Release */,
			);
			defaultConfigurationIsVisible = 0;
			defaultConfigurationName = Release;
		};
		32D8BA7E1EA978050082327B /* Build configuration list for PBXNativeTarget "ChatTests" */ = {
			isa = XCConfigurationList;
			buildConfigurations = (
				32D8BA7F1EA978050082327B /* Debug */,
				32D8BA801EA978050082327B /* Release */,
			);
			defaultConfigurationIsVisible = 0;
			defaultConfigurationName = Release;
		};
		32D8BA811EA978050082327B /* Build configuration list for PBXNativeTarget "ChatUITests" */ = {
			isa = XCConfigurationList;
			buildConfigurations = (
				32D8BA821EA978050082327B /* Debug */,
				32D8BA831EA978050082327B /* Release */,
			);
			defaultConfigurationIsVisible = 0;
			defaultConfigurationName = Release;
		};
/* End XCConfigurationList section */
	};
	rootObject = 32D8BA4B1EA978040082327B /* Project object */;
}
